// !$*UTF8*$!
{
	archiveVersion = 1;
	classes = {
	};
	objectVersion = 56;
	objects = {

/* Begin PBXBuildFile section */
		494E6F922A1BC22C00674F03 /* Main.storyboard in Resources */ = {isa = PBXBuildFile; fileRef = 494E6F902A1BC22C00674F03 /* Main.storyboard */; };
		494E6F942A1BC22D00674F03 /* Assets.xcassets in Resources */ = {isa = PBXBuildFile; fileRef = 494E6F932A1BC22D00674F03 /* Assets.xcassets */; };
		494E6F972A1BC22D00674F03 /* LaunchScreen.storyboard in Resources */ = {isa = PBXBuildFile; fileRef = 494E6F952A1BC22D00674F03 /* LaunchScreen.storyboard */; };
		495827882BB10EEA00D0AAA9 /* UniversalCanvasView.swift in Sources */ = {isa = PBXBuildFile; fileRef = 495827852BB10EEA00D0AAA9 /* UniversalCanvasView.swift */; };
		495827892BB10EEA00D0AAA9 /* UniversalCanvasViewController.swift in Sources */ = {isa = PBXBuildFile; fileRef = 495827862BB10EEA00D0AAA9 /* UniversalCanvasViewController.swift */; };
		49CE993D2A1C988E00430E9D /* SonarPenKit in Frameworks */ = {isa = PBXBuildFile; productRef = 49CE993C2A1C988E00430E9D /* SonarPenKit */; };
		49CE994D2A1C99F000430E9D /* CanvasView.swift in Sources */ = {isa = PBXBuildFile; fileRef = 49CE99412A1C99F000430E9D /* CanvasView.swift */; };
		49CE994E2A1C99F000430E9D /* CanvasViewController.swift in Sources */ = {isa = PBXBuildFile; fileRef = 49CE99422A1C99F000430E9D /* CanvasViewController.swift */; };
		49CE994F2A1C99F000430E9D /* DrawingViewController.swift in Sources */ = {isa = PBXBuildFile; fileRef = 49CE99442A1C99F000430E9D /* DrawingViewController.swift */; };
		49CE99502A1C99F000430E9D /* DataModel.swift in Sources */ = {isa = PBXBuildFile; fileRef = 49CE99452A1C99F000430E9D /* DataModel.swift */; };
		49CE99512A1C99F000430E9D /* SignatureViewController.swift in Sources */ = {isa = PBXBuildFile; fileRef = 49CE99462A1C99F000430E9D /* SignatureViewController.swift */; };
		49CE99522A1C99F000430E9D /* ThumbnailCollectionViewController.swift in Sources */ = {isa = PBXBuildFile; fileRef = 49CE99472A1C99F000430E9D /* ThumbnailCollectionViewController.swift */; };
		49CE99532A1C99F000430E9D /* PencilKitDrawNavigationController.swift in Sources */ = {isa = PBXBuildFile; fileRef = 49CE99482A1C99F000430E9D /* PencilKitDrawNavigationController.swift */; };
		49CE99542A1C99F000430E9D /* ThumbnailCollectionViewCell.swift in Sources */ = {isa = PBXBuildFile; fileRef = 49CE99492A1C99F000430E9D /* ThumbnailCollectionViewCell.swift */; };
		49CE99552A1C99F000430E9D /* DebugMessageViewController.swift in Sources */ = {isa = PBXBuildFile; fileRef = 49CE994A2A1C99F000430E9D /* DebugMessageViewController.swift */; };
		49CE99562A1C99F000430E9D /* UIMenuTableViewController.swift in Sources */ = {isa = PBXBuildFile; fileRef = 49CE994B2A1C99F000430E9D /* UIMenuTableViewController.swift */; };
		49CE99572A1C99F000430E9D /* UIViewController+Debug.swift in Sources */ = {isa = PBXBuildFile; fileRef = 49CE994C2A1C99F000430E9D /* UIViewController+Debug.swift */; };
		49CE99592A1C9F5000430E9D /* AppDelegate.swift in Sources */ = {isa = PBXBuildFile; fileRef = 49CE99582A1C9F5000430E9D /* AppDelegate.swift */; };
/* End PBXBuildFile section */

/* Begin PBXFileReference section */
		494E6F872A1BC22C00674F03 /* SonarPenKitExample.app */ = {isa = PBXFileReference; explicitFileType = wrapper.application; includeInIndex = 0; path = SonarPenKitExample.app; sourceTree = BUILT_PRODUCTS_DIR; };
		494E6F912A1BC22C00674F03 /* Base */ = {isa = PBXFileReference; lastKnownFileType = file.storyboard; name = Base; path = Base.lproj/Main.storyboard; sourceTree = "<group>"; };
		494E6F932A1BC22D00674F03 /* Assets.xcassets */ = {isa = PBXFileReference; lastKnownFileType = folder.assetcatalog; path = Assets.xcassets; sourceTree = "<group>"; };
		494E6F962A1BC22D00674F03 /* Base */ = {isa = PBXFileReference; lastKnownFileType = file.storyboard; name = Base; path = Base.lproj/LaunchScreen.storyboard; sourceTree = "<group>"; };
		494E6F982A1BC22D00674F03 /* Info.plist */ = {isa = PBXFileReference; lastKnownFileType = text.plist.xml; path = Info.plist; sourceTree = "<group>"; };
		495827852BB10EEA00D0AAA9 /* UniversalCanvasView.swift */ = {isa = PBXFileReference; fileEncoding = 4; lastKnownFileType = sourcecode.swift; path = UniversalCanvasView.swift; sourceTree = "<group>"; };
		495827862BB10EEA00D0AAA9 /* UniversalCanvasViewController.swift */ = {isa = PBXFileReference; fileEncoding = 4; lastKnownFileType = sourcecode.swift; path = UniversalCanvasViewController.swift; sourceTree = "<group>"; };
		49CE99412A1C99F000430E9D /* CanvasView.swift */ = {isa = PBXFileReference; fileEncoding = 4; lastKnownFileType = sourcecode.swift; path = CanvasView.swift; sourceTree = "<group>"; };
		49CE99422A1C99F000430E9D /* CanvasViewController.swift */ = {isa = PBXFileReference; fileEncoding = 4; lastKnownFileType = sourcecode.swift; path = CanvasViewController.swift; sourceTree = "<group>"; };
		49CE99442A1C99F000430E9D /* DrawingViewController.swift */ = {isa = PBXFileReference; fileEncoding = 4; lastKnownFileType = sourcecode.swift; path = DrawingViewController.swift; sourceTree = "<group>"; };
		49CE99452A1C99F000430E9D /* DataModel.swift */ = {isa = PBXFileReference; fileEncoding = 4; lastKnownFileType = sourcecode.swift; path = DataModel.swift; sourceTree = "<group>"; };
		49CE99462A1C99F000430E9D /* SignatureViewController.swift */ = {isa = PBXFileReference; fileEncoding = 4; lastKnownFileType = sourcecode.swift; path = SignatureViewController.swift; sourceTree = "<group>"; };
		49CE99472A1C99F000430E9D /* ThumbnailCollectionViewController.swift */ = {isa = PBXFileReference; fileEncoding = 4; lastKnownFileType = sourcecode.swift; path = ThumbnailCollectionViewController.swift; sourceTree = "<group>"; };
		49CE99482A1C99F000430E9D /* PencilKitDrawNavigationController.swift */ = {isa = PBXFileReference; fileEncoding = 4; lastKnownFileType = sourcecode.swift; path = PencilKitDrawNavigationController.swift; sourceTree = "<group>"; };
		49CE99492A1C99F000430E9D /* ThumbnailCollectionViewCell.swift */ = {isa = PBXFileReference; fileEncoding = 4; lastKnownFileType = sourcecode.swift; path = ThumbnailCollectionViewCell.swift; sourceTree = "<group>"; };
		49CE994A2A1C99F000430E9D /* DebugMessageViewController.swift */ = {isa = PBXFileReference; fileEncoding = 4; lastKnownFileType = sourcecode.swift; path = DebugMessageViewController.swift; sourceTree = "<group>"; };
		49CE994B2A1C99F000430E9D /* UIMenuTableViewController.swift */ = {isa = PBXFileReference; fileEncoding = 4; lastKnownFileType = sourcecode.swift; path = UIMenuTableViewController.swift; sourceTree = "<group>"; };
		49CE994C2A1C99F000430E9D /* UIViewController+Debug.swift */ = {isa = PBXFileReference; fileEncoding = 4; lastKnownFileType = sourcecode.swift; path = "UIViewController+Debug.swift"; sourceTree = "<group>"; };
		49CE99582A1C9F5000430E9D /* AppDelegate.swift */ = {isa = PBXFileReference; fileEncoding = 4; lastKnownFileType = sourcecode.swift; path = AppDelegate.swift; sourceTree = "<group>"; };
/* End PBXFileReference section */

/* Begin PBXFrameworksBuildPhase section */
		494E6F842A1BC22C00674F03 /* Frameworks */ = {
			isa = PBXFrameworksBuildPhase;
			buildActionMask = 2147483647;
			files = (
				49CE993D2A1C988E00430E9D /* SonarPenKit in Frameworks */,
			);
			runOnlyForDeploymentPostprocessing = 0;
		};
/* End PBXFrameworksBuildPhase section */

/* Begin PBXGroup section */
		494E6F7E2A1BC22C00674F03 = {
			isa = PBXGroup;
			children = (
				494E6F892A1BC22C00674F03 /* SonarPenKitExample */,
				494E6F882A1BC22C00674F03 /* Products */,
			);
			sourceTree = "<group>";
		};
		494E6F882A1BC22C00674F03 /* Products */ = {
			isa = PBXGroup;
			children = (
				494E6F872A1BC22C00674F03 /* SonarPenKitExample.app */,
			);
			name = Products;
			sourceTree = "<group>";
		};
		494E6F892A1BC22C00674F03 /* SonarPenKitExample */ = {
			isa = PBXGroup;
			children = (
				495827872BB10EEA00D0AAA9 /* UniversalCanvasView */,
				49CE99402A1C99F000430E9D /* CanvasView */,
				49CE99432A1C99F000430E9D /* PencilKitDraw */,
				49CE99582A1C9F5000430E9D /* AppDelegate.swift */,
				49CE994B2A1C99F000430E9D /* UIMenuTableViewController.swift */,
				49CE994A2A1C99F000430E9D /* DebugMessageViewController.swift */,
				49CE994C2A1C99F000430E9D /* UIViewController+Debug.swift */,
				494E6F902A1BC22C00674F03 /* Main.storyboard */,
				494E6F952A1BC22D00674F03 /* LaunchScreen.storyboard */,
				494E6F982A1BC22D00674F03 /* Info.plist */,
				494E6F932A1BC22D00674F03 /* Assets.xcassets */,
			);
			path = SonarPenKitExample;
			sourceTree = "<group>";
		};
		495827872BB10EEA00D0AAA9 /* UniversalCanvasView */ = {
			isa = PBXGroup;
			children = (
				495827852BB10EEA00D0AAA9 /* UniversalCanvasView.swift */,
				495827862BB10EEA00D0AAA9 /* UniversalCanvasViewController.swift */,
			);
			path = UniversalCanvasView;
			sourceTree = "<group>";
		};
		49CE99402A1C99F000430E9D /* CanvasView */ = {
			isa = PBXGroup;
			children = (
				49CE99412A1C99F000430E9D /* CanvasView.swift */,
				49CE99422A1C99F000430E9D /* CanvasViewController.swift */,
			);
			path = CanvasView;
			sourceTree = "<group>";
		};
		49CE99432A1C99F000430E9D /* PencilKitDraw */ = {
			isa = PBXGroup;
			children = (
				49CE99442A1C99F000430E9D /* DrawingViewController.swift */,
				49CE99452A1C99F000430E9D /* DataModel.swift */,
				49CE99462A1C99F000430E9D /* SignatureViewController.swift */,
				49CE99472A1C99F000430E9D /* ThumbnailCollectionViewController.swift */,
				49CE99482A1C99F000430E9D /* PencilKitDrawNavigationController.swift */,
				49CE99492A1C99F000430E9D /* ThumbnailCollectionViewCell.swift */,
			);
			path = PencilKitDraw;
			sourceTree = "<group>";
		};
/* End PBXGroup section */

/* Begin PBXNativeTarget section */
		494E6F862A1BC22C00674F03 /* SonarPenKitExample */ = {
			isa = PBXNativeTarget;
			buildConfigurationList = 494E6F9B2A1BC22D00674F03 /* Build configuration list for PBXNativeTarget "SonarPenKitExample" */;
			buildPhases = (
				494E6F832A1BC22C00674F03 /* Sources */,
				494E6F842A1BC22C00674F03 /* Frameworks */,
				494E6F852A1BC22C00674F03 /* Resources */,
			);
			buildRules = (
			);
			dependencies = (
			);
			name = SonarPenKitExample;
			packageProductDependencies = (
				49CE993C2A1C988E00430E9D /* SonarPenKit */,
			);
			productName = SonarPenKitExample;
			productReference = 494E6F872A1BC22C00674F03 /* SonarPenKitExample.app */;
			productType = "com.apple.product-type.application";
		};
/* End PBXNativeTarget section */

/* Begin PBXProject section */
		494E6F7F2A1BC22C00674F03 /* Project object */ = {
			isa = PBXProject;
			attributes = {
				BuildIndependentTargetsInParallel = 1;
				LastSwiftUpdateCheck = 1430;
				LastUpgradeCheck = 1430;
				TargetAttributes = {
					494E6F862A1BC22C00674F03 = {
						CreatedOnToolsVersion = 14.3;
						LastSwiftMigration = 1430;
					};
				};
			};
			buildConfigurationList = 494E6F822A1BC22C00674F03 /* Build configuration list for PBXProject "SonarPenKitExample" */;
			compatibilityVersion = "Xcode 14.0";
			developmentRegion = en;
			hasScannedForEncodings = 0;
			knownRegions = (
				en,
				Base,
			);
			mainGroup = 494E6F7E2A1BC22C00674F03;
			packageReferences = (
				49CE993B2A1C988E00430E9D /* XCRemoteSwiftPackageReference "SonarPenKit" */,
			);
			productRefGroup = 494E6F882A1BC22C00674F03 /* Products */;
			projectDirPath = "";
			projectRoot = "";
			targets = (
				494E6F862A1BC22C00674F03 /* SonarPenKitExample */,
			);
		};
/* End PBXProject section */

/* Begin PBXResourcesBuildPhase section */
		494E6F852A1BC22C00674F03 /* Resources */ = {
			isa = PBXResourcesBuildPhase;
			buildActionMask = 2147483647;
			files = (
				494E6F972A1BC22D00674F03 /* LaunchScreen.storyboard in Resources */,
				494E6F942A1BC22D00674F03 /* Assets.xcassets in Resources */,
				494E6F922A1BC22C00674F03 /* Main.storyboard in Resources */,
			);
			runOnlyForDeploymentPostprocessing = 0;
		};
/* End PBXResourcesBuildPhase section */

/* Begin PBXSourcesBuildPhase section */
		494E6F832A1BC22C00674F03 /* Sources */ = {
			isa = PBXSourcesBuildPhase;
			buildActionMask = 2147483647;
			files = (
				495827892BB10EEA00D0AAA9 /* UniversalCanvasViewController.swift in Sources */,
				49CE99592A1C9F5000430E9D /* AppDelegate.swift in Sources */,
				49CE994E2A1C99F000430E9D /* CanvasViewController.swift in Sources */,
				49CE99532A1C99F000430E9D /* PencilKitDrawNavigationController.swift in Sources */,
				49CE99512A1C99F000430E9D /* SignatureViewController.swift in Sources */,
				49CE99502A1C99F000430E9D /* DataModel.swift in Sources */,
				49CE994F2A1C99F000430E9D /* DrawingViewController.swift in Sources */,
				49CE99552A1C99F000430E9D /* DebugMessageViewController.swift in Sources */,
				49CE99562A1C99F000430E9D /* UIMenuTableViewController.swift in Sources */,
				495827882BB10EEA00D0AAA9 /* UniversalCanvasView.swift in Sources */,
				49CE99542A1C99F000430E9D /* ThumbnailCollectionViewCell.swift in Sources */,
				49CE994D2A1C99F000430E9D /* CanvasView.swift in Sources */,
				49CE99522A1C99F000430E9D /* ThumbnailCollectionViewController.swift in Sources */,
				49CE99572A1C99F000430E9D /* UIViewController+Debug.swift in Sources */,
			);
			runOnlyForDeploymentPostprocessing = 0;
		};
/* End PBXSourcesBuildPhase section */

/* Begin PBXVariantGroup section */
		494E6F902A1BC22C00674F03 /* Main.storyboard */ = {
			isa = PBXVariantGroup;
			children = (
				494E6F912A1BC22C00674F03 /* Base */,
			);
			name = Main.storyboard;
			sourceTree = "<group>";
		};
		494E6F952A1BC22D00674F03 /* LaunchScreen.storyboard */ = {
			isa = PBXVariantGroup;
			children = (
				494E6F962A1BC22D00674F03 /* Base */,
			);
			name = LaunchScreen.storyboard;
			sourceTree = "<group>";
		};
/* End PBXVariantGroup section */

/* Begin XCBuildConfiguration section */
		494E6F992A1BC22D00674F03 /* Debug */ = {
			isa = XCBuildConfiguration;
			buildSettings = {
				ALWAYS_SEARCH_USER_PATHS = NO;
				CLANG_ANALYZER_NONNULL = YES;
				CLANG_ANALYZER_NUMBER_OBJECT_CONVERSION = YES_AGGRESSIVE;
				CLANG_CXX_LANGUAGE_STANDARD = "gnu++20";
				CLANG_ENABLE_MODULES = YES;
				CLANG_ENABLE_OBJC_ARC = YES;
				CLANG_ENABLE_OBJC_WEAK = YES;
				CLANG_WARN_BLOCK_CAPTURE_AUTORELEASING = YES;
				CLANG_WARN_BOOL_CONVERSION = YES;
				CLANG_WARN_COMMA = YES;
				CLANG_WARN_CONSTANT_CONVERSION = YES;
				CLANG_WARN_DEPRECATED_OBJC_IMPLEMENTATIONS = YES;
				CLANG_WARN_DIRECT_OBJC_ISA_USAGE = YES_ERROR;
				CLANG_WARN_DOCUMENTATION_COMMENTS = YES;
				CLANG_WARN_EMPTY_BODY = YES;
				CLANG_WARN_ENUM_CONVERSION = YES;
				CLANG_WARN_INFINITE_RECURSION = YES;
				CLANG_WARN_INT_CONVERSION = YES;
				CLANG_WARN_NON_LITERAL_NULL_CONVERSION = YES;
				CLANG_WARN_OBJC_IMPLICIT_RETAIN_SELF = YES;
				CLANG_WARN_OBJC_LITERAL_CONVERSION = YES;
				CLANG_WARN_OBJC_ROOT_CLASS = YES_ERROR;
				CLANG_WARN_QUOTED_INCLUDE_IN_FRAMEWORK_HEADER = YES;
				CLANG_WARN_RANGE_LOOP_ANALYSIS = YES;
				CLANG_WARN_STRICT_PROTOTYPES = YES;
				CLANG_WARN_SUSPICIOUS_MOVE = YES;
				CLANG_WARN_UNGUARDED_AVAILABILITY = YES_AGGRESSIVE;
				CLANG_WARN_UNREACHABLE_CODE = YES;
				CLANG_WARN__DUPLICATE_METHOD_MATCH = YES;
				COPY_PHASE_STRIP = NO;
				DEBUG_INFORMATION_FORMAT = dwarf;
				ENABLE_STRICT_OBJC_MSGSEND = YES;
				ENABLE_TESTABILITY = YES;
				GCC_C_LANGUAGE_STANDARD = gnu11;
				GCC_DYNAMIC_NO_PIC = NO;
				GCC_NO_COMMON_BLOCKS = YES;
				GCC_OPTIMIZATION_LEVEL = 0;
				GCC_PREPROCESSOR_DEFINITIONS = (
					"DEBUG=1",
					"$(inherited)",
				);
				GCC_WARN_64_TO_32_BIT_CONVERSION = YES;
				GCC_WARN_ABOUT_RETURN_TYPE = YES_ERROR;
				GCC_WARN_UNDECLARED_SELECTOR = YES;
				GCC_WARN_UNINITIALIZED_AUTOS = YES_AGGRESSIVE;
				GCC_WARN_UNUSED_FUNCTION = YES;
				GCC_WARN_UNUSED_VARIABLE = YES;
				IPHONEOS_DEPLOYMENT_TARGET = 16.4;
				MTL_ENABLE_DEBUG_INFO = INCLUDE_SOURCE;
				MTL_FAST_MATH = YES;
				ONLY_ACTIVE_ARCH = YES;
				SDKROOT = iphoneos;
				SWIFT_ACTIVE_COMPILATION_CONDITIONS = DEBUG;
				SWIFT_OPTIMIZATION_LEVEL = "-Onone";
			};
			name = Debug;
		};
		494E6F9A2A1BC22D00674F03 /* Release */ = {
			isa = XCBuildConfiguration;
			buildSettings = {
				ALWAYS_SEARCH_USER_PATHS = NO;
				CLANG_ANALYZER_NONNULL = YES;
				CLANG_ANALYZER_NUMBER_OBJECT_CONVERSION = YES_AGGRESSIVE;
				CLANG_CXX_LANGUAGE_STANDARD = "gnu++20";
				CLANG_ENABLE_MODULES = YES;
				CLANG_ENABLE_OBJC_ARC = YES;
				CLANG_ENABLE_OBJC_WEAK = YES;
				CLANG_WARN_BLOCK_CAPTURE_AUTORELEASING = YES;
				CLANG_WARN_BOOL_CONVERSION = YES;
				CLANG_WARN_COMMA = YES;
				CLANG_WARN_CONSTANT_CONVERSION = YES;
				CLANG_WARN_DEPRECATED_OBJC_IMPLEMENTATIONS = YES;
				CLANG_WARN_DIRECT_OBJC_ISA_USAGE = YES_ERROR;
				CLANG_WARN_DOCUMENTATION_COMMENTS = YES;
				CLANG_WARN_EMPTY_BODY = YES;
				CLANG_WARN_ENUM_CONVERSION = YES;
				CLANG_WARN_INFINITE_RECURSION = YES;
				CLANG_WARN_INT_CONVERSION = YES;
				CLANG_WARN_NON_LITERAL_NULL_CONVERSION = YES;
				CLANG_WARN_OBJC_IMPLICIT_RETAIN_SELF = YES;
				CLANG_WARN_OBJC_LITERAL_CONVERSION = YES;
				CLANG_WARN_OBJC_ROOT_CLASS = YES_ERROR;
				CLANG_WARN_QUOTED_INCLUDE_IN_FRAMEWORK_HEADER = YES;
				CLANG_WARN_RANGE_LOOP_ANALYSIS = YES;
				CLANG_WARN_STRICT_PROTOTYPES = YES;
				CLANG_WARN_SUSPICIOUS_MOVE = YES;
				CLANG_WARN_UNGUARDED_AVAILABILITY = YES_AGGRESSIVE;
				CLANG_WARN_UNREACHABLE_CODE = YES;
				CLANG_WARN__DUPLICATE_METHOD_MATCH = YES;
				COPY_PHASE_STRIP = NO;
				DEBUG_INFORMATION_FORMAT = "dwarf-with-dsym";
				ENABLE_NS_ASSERTIONS = NO;
				ENABLE_STRICT_OBJC_MSGSEND = YES;
				GCC_C_LANGUAGE_STANDARD = gnu11;
				GCC_NO_COMMON_BLOCKS = YES;
				GCC_WARN_64_TO_32_BIT_CONVERSION = YES;
				GCC_WARN_ABOUT_RETURN_TYPE = YES_ERROR;
				GCC_WARN_UNDECLARED_SELECTOR = YES;
				GCC_WARN_UNINITIALIZED_AUTOS = YES_AGGRESSIVE;
				GCC_WARN_UNUSED_FUNCTION = YES;
				GCC_WARN_UNUSED_VARIABLE = YES;
				IPHONEOS_DEPLOYMENT_TARGET = 16.4;
				MTL_ENABLE_DEBUG_INFO = NO;
				MTL_FAST_MATH = YES;
				SDKROOT = iphoneos;
				SWIFT_COMPILATION_MODE = wholemodule;
				SWIFT_OPTIMIZATION_LEVEL = "-O";
				VALIDATE_PRODUCT = YES;
			};
			name = Release;
		};
		494E6F9C2A1BC22D00674F03 /* Debug */ = {
			isa = XCBuildConfiguration;
			buildSettings = {
				ASSETCATALOG_COMPILER_APPICON_NAME = AppIcon;
				ASSETCATALOG_COMPILER_GLOBAL_ACCENT_COLOR_NAME = AccentColor;
				CLANG_ENABLE_MODULES = YES;
				CODE_SIGN_STYLE = Automatic;
				CURRENT_PROJECT_VERSION = 1;
				DEVELOPMENT_TEAM = 2RTG95T48T;
				GENERATE_INFOPLIST_FILE = YES;
				INFOPLIST_FILE = SonarPenKitExample/Info.plist;
				INFOPLIST_KEY_NSMicrophoneUsageDescription = "SonarPen need audio input";
				INFOPLIST_KEY_UIApplicationSupportsIndirectInputEvents = YES;
				INFOPLIST_KEY_UILaunchStoryboardName = LaunchScreen.storyboard;
				INFOPLIST_KEY_UIMainStoryboardFile = Main;
				INFOPLIST_KEY_UIRequiredDeviceCapabilities = armv7;
				INFOPLIST_KEY_UISupportedInterfaceOrientations = "UIInterfaceOrientationPortrait UIInterfaceOrientationLandscapeLeft UIInterfaceOrientationLandscapeRight";
				INFOPLIST_KEY_UISupportedInterfaceOrientations_iPad = "UIInterfaceOrientationPortrait UIInterfaceOrientationPortraitUpsideDown UIInterfaceOrientationLandscapeLeft UIInterfaceOrientationLandscapeRight";
				INFOPLIST_KEY_UISupportedInterfaceOrientations_iPhone = "UIInterfaceOrientationPortrait UIInterfaceOrientationLandscapeLeft UIInterfaceOrientationLandscapeRight";
				IPHONEOS_DEPLOYMENT_TARGET = 13;
				LD_RUNPATH_SEARCH_PATHS = (
					"$(inherited)",
					"@executable_path/Frameworks",
				);
				MARKETING_VERSION = 1.0;
				PRODUCT_BUNDLE_IDENTIFIER = hk.com.waterworld.SonarPenKitExample;
				PRODUCT_NAME = "$(TARGET_NAME)";
				SWIFT_EMIT_LOC_STRINGS = YES;
				SWIFT_OPTIMIZATION_LEVEL = "-Onone";
				SWIFT_VERSION = 5.0;
				TARGETED_DEVICE_FAMILY = "1,2";
			};
			name = Debug;
		};
		494E6F9D2A1BC22D00674F03 /* Release */ = {
			isa = XCBuildConfiguration;
			buildSettings = {
				ASSETCATALOG_COMPILER_APPICON_NAME = AppIcon;
				ASSETCATALOG_COMPILER_GLOBAL_ACCENT_COLOR_NAME = AccentColor;
				CLANG_ENABLE_MODULES = YES;
				CODE_SIGN_STYLE = Automatic;
				CURRENT_PROJECT_VERSION = 1;
				DEVELOPMENT_TEAM = 2RTG95T48T;
				GENERATE_INFOPLIST_FILE = YES;
				INFOPLIST_FILE = SonarPenKitExample/Info.plist;
				INFOPLIST_KEY_NSMicrophoneUsageDescription = "SonarPen need audio input";
				INFOPLIST_KEY_UIApplicationSupportsIndirectInputEvents = YES;
				INFOPLIST_KEY_UILaunchStoryboardName = LaunchScreen.storyboard;
				INFOPLIST_KEY_UIMainStoryboardFile = Main;
				INFOPLIST_KEY_UIRequiredDeviceCapabilities = armv7;
				INFOPLIST_KEY_UISupportedInterfaceOrientations = "UIInterfaceOrientationPortrait UIInterfaceOrientationLandscapeLeft UIInterfaceOrientationLandscapeRight";
				INFOPLIST_KEY_UISupportedInterfaceOrientations_iPad = "UIInterfaceOrientationPortrait UIInterfaceOrientationPortraitUpsideDown UIInterfaceOrientationLandscapeLeft UIInterfaceOrientationLandscapeRight";
				INFOPLIST_KEY_UISupportedInterfaceOrientations_iPhone = "UIInterfaceOrientationPortrait UIInterfaceOrientationLandscapeLeft UIInterfaceOrientationLandscapeRight";
				IPHONEOS_DEPLOYMENT_TARGET = 13;
				LD_RUNPATH_SEARCH_PATHS = (
					"$(inherited)",
					"@executable_path/Frameworks",
				);
				MARKETING_VERSION = 1.0;
				PRODUCT_BUNDLE_IDENTIFIER = hk.com.waterworld.SonarPenKitExample;
				PRODUCT_NAME = "$(TARGET_NAME)";
				SWIFT_EMIT_LOC_STRINGS = YES;
				SWIFT_VERSION = 5.0;
				TARGETED_DEVICE_FAMILY = "1,2";
			};
			name = Release;
		};
/* End XCBuildConfiguration section */

/* Begin XCConfigurationList section */
		494E6F822A1BC22C00674F03 /* Build configuration list for PBXProject "SonarPenKitExample" */ = {
			isa = XCConfigurationList;
			buildConfigurations = (
				494E6F992A1BC22D00674F03 /* Debug */,
				494E6F9A2A1BC22D00674F03 /* Release */,
			);
			defaultConfigurationIsVisible = 0;
			defaultConfigurationName = Release;
		};
		494E6F9B2A1BC22D00674F03 /* Build configuration list for PBXNativeTarget "SonarPenKitExample" */ = {
			isa = XCConfigurationList;
			buildConfigurations = (
				494E6F9C2A1BC22D00674F03 /* Debug */,
				494E6F9D2A1BC22D00674F03 /* Release */,
			);
			defaultConfigurationIsVisible = 0;
			defaultConfigurationName = Release;
		};
/* End XCConfigurationList section */

/* Begin XCRemoteSwiftPackageReference section */
		49CE993B2A1C988E00430E9D /* XCRemoteSwiftPackageReference "SonarPenKit" */ = {
			isa = XCRemoteSwiftPackageReference;
			repositoryURL = "https://github.com/SonarPen/SonarPenKit";
			requirement = {
				kind = upToNextMajorVersion;
				minimumVersion = 0.5.0;
			};
		};
/* End XCRemoteSwiftPackageReference section */

/* Begin XCSwiftPackageProductDependency section */
		49CE993C2A1C988E00430E9D /* SonarPenKit */ = {
			isa = XCSwiftPackageProductDependency;
			package = 49CE993B2A1C988E00430E9D /* XCRemoteSwiftPackageReference "SonarPenKit" */;
			productName = SonarPenKit;
		};
/* End XCSwiftPackageProductDependency section */
	};
	rootObject = 494E6F7F2A1BC22C00674F03 /* Project object */;
}
