{
  "originHash" : "866a61aa5043a07cc02931c3cd17986d85325f809a2cdddde82d08f47ed1ebce",
  "pins" : [
    {
      "identity" : "sonarpenkit",
      "kind" : "remoteSourceControl",
      "location" : "https://github.com/SonarPen/SonarPenKit",
      "state" : {
        "revision" : "830b9dc4810508262028c40aaf86df25e1ab77df",
        "version" : "0.8.0"
      }
    }
  ],
  "version" : 3
}
