{
  "pins" : [
    {
      "identity" : "sonarpenkit",
      "kind" : "remoteSourceControl",
      "location" : "https://github.com/SonarPen/SonarPenKit",
      "state" : {
        "revision" : "18f07383c9436137c219dad55b31ad052d60fd38",
        "version" : "0.7.2"
      }
    }
  ],
  "version" : 2
}
